
Microsoft Visual Studio Solution File, Format Version 12.00
# Visual Studio 15
Project("{FAE04EC0-301F-11D3-BF4B-00C04F79EFBC}") = "Assembly-CSharp", "Assembly-CSharp.csproj", "{8B6222F2-656B-9C8D-4E0C-10347C5C33CE}"
EndProject
Project("{FAE04EC0-301F-11D3-BF4B-00C04F79EFBC}") = "Assembly-CSharp-Editor", "Assembly-CSharp-Editor.csproj", "{1B23AEC6-3E55-1009-5EC5-181337A6D937}"
EndProject
Global
	GlobalSection(SolutionConfigurationPlatforms) = preSolution
		Debug|Any CPU = Debug|Any CPU
		Release|Any CPU = Release|Any CPU
	EndGlobalSection
	GlobalSection(ProjectConfigurationPlatforms) = postSolution
		{8B6222F2-656B-9C8D-4E0C-10347C5C33CE}.Debug|Any CPU.ActiveCfg = Debug|Any CPU
		{8B6222F2-656B-9C8D-4E0C-10347C5C33CE}.Debug|Any CPU.Build.0 = Debug|Any CPU
		{8B6222F2-656B-9C8D-4E0C-10347C5C33CE}.Release|Any CPU.ActiveCfg = Release|Any CPU
		{8B6222F2-656B-9C8D-4E0C-10347C5C33CE}.Release|Any CPU.Build.0 = Release|Any CPU
		{1B23AEC6-3E55-1009-5EC5-181337A6D937}.Debug|Any CPU.ActiveCfg = Debug|Any CPU
		{1B23AEC6-3E55-1009-5EC5-181337A6D937}.Debug|Any CPU.Build.0 = Debug|Any CPU
		{1B23AEC6-3E55-1009-5EC5-181337A6D937}.Release|Any CPU.ActiveCfg = Release|Any CPU
		{1B23AEC6-3E55-1009-5EC5-181337A6D937}.Release|Any CPU.Build.0 = Release|Any CPU
	EndGlobalSection
	GlobalSection(SolutionProperties) = preSolution
		HideSolutionNode = FALSE
	EndGlobalSection
EndGlobal
